# This file is automatically @generated by Cargo.
# It is not intended for manual editing.
version = 4

[[package]]
name = "ogir-agent"
version = "0.0.0"
dependencies = [
 "ogir-model",
 "ogir-protocol",
]

[[package]]
name = "ogir-model"
version = "0.0.0"

[[package]]
name = "ogir-protocol"
version = "0.0.0"
dependencies = [
 "ogir-model",
]

[[package]]
name = "ogir-verifier"
version = "0.0.0"
dependencies = [
 "ogir-model",
 "ogir-protocol",
]

[[package]]
name = "ogir-verifierd"
version = "0.0.0"
dependencies = [
 "ogir-verifier",
]

[[package]]
name = "ogird"
version = "0.0.0"
dependencies = [
 "ogir-agent",
]
